
Microsoft Visual Studio Solution File, Format Version 12.00
# Visual Studio 15
VisualStudioVersion = 15.0.28307.1000
MinimumVisualStudioVersion = 10.0.40219.1
Project("{F184B08F-C81C-45F6-A57F-5ABD9991F28F}") = "IVA", "Ventas\IVA.vbproj", "{61BB320D-A24F-4CEE-9816-EA2272AE9A86}"
EndProject
Project("{F184B08F-C81C-45F6-A57F-5ABD9991F28F}") = "WebCalcularPrecioSinIVA", "WebCalcularPrecioSinIVA\WebCalcularPrecioSinIVA.vbproj", "{BECF09BE-FCBB-424F-B5AF-2D851E58D036}"
	ProjectSection(ProjectDependencies) = postProject
		{61BB320D-A24F-4CEE-9816-EA2272AE9A86} = {61BB320D-A24F-4CEE-9816-EA2272AE9A86}
	EndProjectSection
EndProject
Project("{F184B08F-C81C-45F6-A57F-5ABD9991F28F}") = "EscritorioCalcularPrecioSinIVA", "EscritorioCalcularPrecioSinIVA\EscritorioCalcularPrecioSinIVA.vbproj", "{BBDBA950-3630-42CA-BA62-AFDEF7C7BAD9}"
EndProject
Project("{F184B08F-C81C-45F6-A57F-5ABD9991F28F}") = "ConsoleApp1", "ConsoleApp1\ConsoleApp1.vbproj", "{C74E99A3-AD76-494B-AE97-4CC59FE0C21A}"
EndProject
Global
	GlobalSection(SolutionConfigurationPlatforms) = preSolution
		Debug|Any CPU = Debug|Any CPU
		Debug|ARM = Debug|ARM
		Debug|ARM64 = Debug|ARM64
		Debug|x64 = Debug|x64
		Debug|x86 = Debug|x86
		Release|Any CPU = Release|Any CPU
		Release|ARM = Release|ARM
		Release|ARM64 = Release|ARM64
		Release|x64 = Release|x64
		Release|x86 = Release|x86
	EndGlobalSection
	GlobalSection(ProjectConfigurationPlatforms) = postSolution
		{61BB320D-A24F-4CEE-9816-EA2272AE9A86}.Debug|Any CPU.ActiveCfg = Debug|Any CPU
		{61BB320D-A24F-4CEE-9816-EA2272AE9A86}.Debug|Any CPU.Build.0 = Debug|Any CPU
		{61BB320D-A24F-4CEE-9816-EA2272AE9A86}.Debug|ARM.ActiveCfg = Debug|ARM
		{61BB320D-A24F-4CEE-9816-EA2272AE9A86}.Debug|ARM.Build.0 = Debug|ARM
		{61BB320D-A24F-4CEE-9816-EA2272AE9A86}.Debug|ARM64.ActiveCfg = Debug|ARM64
		{61BB320D-A24F-4CEE-9816-EA2272AE9A86}.Debug|ARM64.Build.0 = Debug|ARM64
		{61BB320D-A24F-4CEE-9816-EA2272AE9A86}.Debug|x64.ActiveCfg = Debug|x64
		{61BB320D-A24F-4CEE-9816-EA2272AE9A86}.Debug|x64.Build.0 = Debug|x64
		{61BB320D-A24F-4CEE-9816-EA2272AE9A86}.Debug|x86.ActiveCfg = Debug|x86
		{61BB320D-A24F-4CEE-9816-EA2272AE9A86}.Debug|x86.Build.0 = Debug|x86
		{61BB320D-A24F-4CEE-9816-EA2272AE9A86}.Release|Any CPU.ActiveCfg = Release|Any CPU
		{61BB320D-A24F-4CEE-9816-EA2272AE9A86}.Release|Any CPU.Build.0 = Release|Any CPU
		{61BB320D-A24F-4CEE-9816-EA2272AE9A86}.Release|ARM.ActiveCfg = Release|ARM
		{61BB320D-A24F-4CEE-9816-EA2272AE9A86}.Release|ARM.Build.0 = Release|ARM
		{61BB320D-A24F-4CEE-9816-EA2272AE9A86}.Release|ARM64.ActiveCfg = Release|ARM64
		{61BB320D-A24F-4CEE-9816-EA2272AE9A86}.Release|ARM64.Build.0 = Release|ARM64
		{61BB320D-A24F-4CEE-9816-EA2272AE9A86}.Release|x64.ActiveCfg = Release|x64
		{61BB320D-A24F-4CEE-9816-EA2272AE9A86}.Release|x64.Build.0 = Release|x64
		{61BB320D-A24F-4CEE-9816-EA2272AE9A86}.Release|x86.ActiveCfg = Release|x86
		{61BB320D-A24F-4CEE-9816-EA2272AE9A86}.Release|x86.Build.0 = Release|x86
		{BECF09BE-FCBB-424F-B5AF-2D851E58D036}.Debug|Any CPU.ActiveCfg = Debug|Any CPU
		{BECF09BE-FCBB-424F-B5AF-2D851E58D036}.Debug|Any CPU.Build.0 = Debug|Any CPU
		{BECF09BE-FCBB-424F-B5AF-2D851E58D036}.Debug|ARM.ActiveCfg = Debug|Any CPU
		{BECF09BE-FCBB-424F-B5AF-2D851E58D036}.Debug|ARM.Build.0 = Debug|Any CPU
		{BECF09BE-FCBB-424F-B5AF-2D851E58D036}.Debug|ARM64.ActiveCfg = Debug|Any CPU
		{BECF09BE-FCBB-424F-B5AF-2D851E58D036}.Debug|ARM64.Build.0 = Debug|Any CPU
		{BECF09BE-FCBB-424F-B5AF-2D851E58D036}.Debug|x64.ActiveCfg = Debug|Any CPU
		{BECF09BE-FCBB-424F-B5AF-2D851E58D036}.Debug|x64.Build.0 = Debug|Any CPU
		{BECF09BE-FCBB-424F-B5AF-2D851E58D036}.Debug|x86.ActiveCfg = Debug|Any CPU
		{BECF09BE-FCBB-424F-B5AF-2D851E58D036}.Debug|x86.Build.0 = Debug|Any CPU
		{BECF09BE-FCBB-424F-B5AF-2D851E58D036}.Release|Any CPU.ActiveCfg = Release|Any CPU
		{BECF09BE-FCBB-424F-B5AF-2D851E58D036}.Release|Any CPU.Build.0 = Release|Any CPU
		{BECF09BE-FCBB-424F-B5AF-2D851E58D036}.Release|ARM.ActiveCfg = Release|Any CPU
		{BECF09BE-FCBB-424F-B5AF-2D851E58D036}.Release|ARM.Build.0 = Release|Any CPU
		{BECF09BE-FCBB-424F-B5AF-2D851E58D036}.Release|ARM64.ActiveCfg = Release|Any CPU
		{BECF09BE-FCBB-424F-B5AF-2D851E58D036}.Release|ARM64.Build.0 = Release|Any CPU
		{BECF09BE-FCBB-424F-B5AF-2D851E58D036}.Release|x64.ActiveCfg = Release|Any CPU
		{BECF09BE-FCBB-424F-B5AF-2D851E58D036}.Release|x64.Build.0 = Release|Any CPU
		{BECF09BE-FCBB-424F-B5AF-2D851E58D036}.Release|x86.ActiveCfg = Release|Any CPU
		{BECF09BE-FCBB-424F-B5AF-2D851E58D036}.Release|x86.Build.0 = Release|Any CPU
		{BBDBA950-3630-42CA-BA62-AFDEF7C7BAD9}.Debug|Any CPU.ActiveCfg = Debug|Any CPU
		{BBDBA950-3630-42CA-BA62-AFDEF7C7BAD9}.Debug|Any CPU.Build.0 = Debug|Any CPU
		{BBDBA950-3630-42CA-BA62-AFDEF7C7BAD9}.Debug|ARM.ActiveCfg = Debug|Any CPU
		{BBDBA950-3630-42CA-BA62-AFDEF7C7BAD9}.Debug|ARM.Build.0 = Debug|Any CPU
		{BBDBA950-3630-42CA-BA62-AFDEF7C7BAD9}.Debug|ARM64.ActiveCfg = Debug|Any CPU
		{BBDBA950-3630-42CA-BA62-AFDEF7C7BAD9}.Debug|ARM64.Build.0 = Debug|Any CPU
		{BBDBA950-3630-42CA-BA62-AFDEF7C7BAD9}.Debug|x64.ActiveCfg = Debug|Any CPU
		{BBDBA950-3630-42CA-BA62-AFDEF7C7BAD9}.Debug|x64.Build.0 = Debug|Any CPU
		{BBDBA950-3630-42CA-BA62-AFDEF7C7BAD9}.Debug|x86.ActiveCfg = Debug|Any CPU
		{BBDBA950-3630-42CA-BA62-AFDEF7C7BAD9}.Debug|x86.Build.0 = Debug|Any CPU
		{BBDBA950-3630-42CA-BA62-AFDEF7C7BAD9}.Release|Any CPU.ActiveCfg = Release|Any CPU
		{BBDBA950-3630-42CA-BA62-AFDEF7C7BAD9}.Release|Any CPU.Build.0 = Release|Any CPU
		{BBDBA950-3630-42CA-BA62-AFDEF7C7BAD9}.Release|ARM.ActiveCfg = Release|Any CPU
		{BBDBA950-3630-42CA-BA62-AFDEF7C7BAD9}.Release|ARM.Build.0 = Release|Any CPU
		{BBDBA950-3630-42CA-BA62-AFDEF7C7BAD9}.Release|ARM64.ActiveCfg = Release|Any CPU
		{BBDBA950-3630-42CA-BA62-AFDEF7C7BAD9}.Release|ARM64.Build.0 = Release|Any CPU
		{BBDBA950-3630-42CA-BA62-AFDEF7C7BAD9}.Release|x64.ActiveCfg = Release|Any CPU
		{BBDBA950-3630-42CA-BA62-AFDEF7C7BAD9}.Release|x64.Build.0 = Release|Any CPU
		{BBDBA950-3630-42CA-BA62-AFDEF7C7BAD9}.Release|x86.ActiveCfg = Release|Any CPU
		{BBDBA950-3630-42CA-BA62-AFDEF7C7BAD9}.Release|x86.Build.0 = Release|Any CPU
		{C74E99A3-AD76-494B-AE97-4CC59FE0C21A}.Debug|Any CPU.ActiveCfg = Debug|Any CPU
		{C74E99A3-AD76-494B-AE97-4CC59FE0C21A}.Debug|Any CPU.Build.0 = Debug|Any CPU
		{C74E99A3-AD76-494B-AE97-4CC59FE0C21A}.Debug|ARM.ActiveCfg = Debug|Any CPU
		{C74E99A3-AD76-494B-AE97-4CC59FE0C21A}.Debug|ARM.Build.0 = Debug|Any CPU
		{C74E99A3-AD76-494B-AE97-4CC59FE0C21A}.Debug|ARM64.ActiveCfg = Debug|Any CPU
		{C74E99A3-AD76-494B-AE97-4CC59FE0C21A}.Debug|ARM64.Build.0 = Debug|Any CPU
		{C74E99A3-AD76-494B-AE97-4CC59FE0C21A}.Debug|x64.ActiveCfg = Debug|Any CPU
		{C74E99A3-AD76-494B-AE97-4CC59FE0C21A}.Debug|x64.Build.0 = Debug|Any CPU
		{C74E99A3-AD76-494B-AE97-4CC59FE0C21A}.Debug|x86.ActiveCfg = Debug|Any CPU
		{C74E99A3-AD76-494B-AE97-4CC59FE0C21A}.Debug|x86.Build.0 = Debug|Any CPU
		{C74E99A3-AD76-494B-AE97-4CC59FE0C21A}.Release|Any CPU.ActiveCfg = Release|Any CPU
		{C74E99A3-AD76-494B-AE97-4CC59FE0C21A}.Release|Any CPU.Build.0 = Release|Any CPU
		{C74E99A3-AD76-494B-AE97-4CC59FE0C21A}.Release|ARM.ActiveCfg = Release|Any CPU
		{C74E99A3-AD76-494B-AE97-4CC59FE0C21A}.Release|ARM.Build.0 = Release|Any CPU
		{C74E99A3-AD76-494B-AE97-4CC59FE0C21A}.Release|ARM64.ActiveCfg = Release|Any CPU
		{C74E99A3-AD76-494B-AE97-4CC59FE0C21A}.Release|ARM64.Build.0 = Release|Any CPU
		{C74E99A3-AD76-494B-AE97-4CC59FE0C21A}.Release|x64.ActiveCfg = Release|Any CPU
		{C74E99A3-AD76-494B-AE97-4CC59FE0C21A}.Release|x64.Build.0 = Release|Any CPU
		{C74E99A3-AD76-494B-AE97-4CC59FE0C21A}.Release|x86.ActiveCfg = Release|Any CPU
		{C74E99A3-AD76-494B-AE97-4CC59FE0C21A}.Release|x86.Build.0 = Release|Any CPU
	EndGlobalSection
	GlobalSection(SolutionProperties) = preSolution
		HideSolutionNode = FALSE
	EndGlobalSection
	GlobalSection(ExtensibilityGlobals) = postSolution
		SolutionGuid = {2E2FE3D3-3C5D-42C7-B334-EA36535A7E7F}
	EndGlobalSection
EndGlobal
